
Microsoft Visual Studio Solution File, Format Version 12.00
# Visual Studio Version 17
VisualStudioVersion = 17.14.36310.24
MinimumVisualStudioVersion = 10.0.40219.1
Project("{FAE04EC0-301F-11D3-BF4B-00C04F79EFBC}") = "ZenLogAPI", "ZenLogAPI\ZenLogAPI.csproj", "{237C9719-A43C-497D-94E7-21C4973C0C55}"
EndProject
Project("{2150E333-8FDC-42A3-9474-1A3956D46DE8}") = "Presentation", "Presentation", "{02EA681E-C7D8-13C7-8484-4AC65E1B71E8}"
EndProject
Project("{2150E333-8FDC-42A3-9474-1A3956D46DE8}") = "Application", "Application", "{C9BB2E4F-7A33-46E7-86E2-9C17DC794455}"
EndProject
Project("{FAE04EC0-301F-11D3-BF4B-00C04F79EFBC}") = "ZenLogAPI.Application", "ZenLogAPI.Application\ZenLogAPI.Application.csproj", "{61B01FFD-61D4-49AE-848E-50C801EE92FB}"
EndProject
Project("{2150E333-8FDC-42A3-9474-1A3956D46DE8}") = "Domain", "Domain", "{145B671D-29C0-4DE9-BC7F-E93B0588ACC6}"
EndProject
Project("{FAE04EC0-301F-11D3-BF4B-00C04F79EFBC}") = "ZenLogAPI.Domain", "ZenLogAPI.Domain\ZenLogAPI.Domain.csproj", "{286F1EC4-D4DB-4561-ADB3-39A9B98EA782}"
EndProject
Project("{2150E333-8FDC-42A3-9474-1A3956D46DE8}") = "Infrastructure", "Infrastructure", "{7B787C5C-CD54-4842-BF66-970E9765B403}"
EndProject
Project("{FAE04EC0-301F-11D3-BF4B-00C04F79EFBC}") = "ZenLogAPI.Infra.Data", "ZenLogAPI.Infra.Data\ZenLogAPI.Infra.Data.csproj", "{2B7EF5F7-7CD9-4036-95D6-03FAAF191BDA}"
EndProject
Project("{2150E333-8FDC-42A3-9474-1A3956D46DE8}") = "Tests", "Tests", "{5633AEF8-A4B2-4DAC-9F45-43A858F1B1B1}"
EndProject
Project("{FAE04EC0-301F-11D3-BF4B-00C04F79EFBC}") = "ZenLogAPI.IoC", "ZenLogAPI.IoC\ZenLogAPI.IoC.csproj", "{544E279F-227E-4FF6-8483-A1E1D6475551}"
EndProject
Project("{FAE04EC0-301F-11D3-BF4B-00C04F79EFBC}") = "ZenLogAPI.Test", "ZenLogAPI.Test\ZenLogAPI.Test.csproj", "{462893B2-658E-4E9F-8510-07E40C1622BB}"
EndProject
Global
	GlobalSection(SolutionConfigurationPlatforms) = preSolution
		Debug|Any CPU = Debug|Any CPU
		Release|Any CPU = Release|Any CPU
	EndGlobalSection
	GlobalSection(ProjectConfigurationPlatforms) = postSolution
		{237C9719-A43C-497D-94E7-21C4973C0C55}.Debug|Any CPU.ActiveCfg = Debug|Any CPU
		{237C9719-A43C-497D-94E7-21C4973C0C55}.Debug|Any CPU.Build.0 = Debug|Any CPU
		{237C9719-A43C-497D-94E7-21C4973C0C55}.Release|Any CPU.ActiveCfg = Release|Any CPU
		{237C9719-A43C-497D-94E7-21C4973C0C55}.Release|Any CPU.Build.0 = Release|Any CPU
		{61B01FFD-61D4-49AE-848E-50C801EE92FB}.Debug|Any CPU.ActiveCfg = Debug|Any CPU
		{61B01FFD-61D4-49AE-848E-50C801EE92FB}.Debug|Any CPU.Build.0 = Debug|Any CPU
		{61B01FFD-61D4-49AE-848E-50C801EE92FB}.Release|Any CPU.ActiveCfg = Release|Any CPU
		{61B01FFD-61D4-49AE-848E-50C801EE92FB}.Release|Any CPU.Build.0 = Release|Any CPU
		{286F1EC4-D4DB-4561-ADB3-39A9B98EA782}.Debug|Any CPU.ActiveCfg = Debug|Any CPU
		{286F1EC4-D4DB-4561-ADB3-39A9B98EA782}.Debug|Any CPU.Build.0 = Debug|Any CPU
		{286F1EC4-D4DB-4561-ADB3-39A9B98EA782}.Release|Any CPU.ActiveCfg = Release|Any CPU
		{286F1EC4-D4DB-4561-ADB3-39A9B98EA782}.Release|Any CPU.Build.0 = Release|Any CPU
		{2B7EF5F7-7CD9-4036-95D6-03FAAF191BDA}.Debug|Any CPU.ActiveCfg = Debug|Any CPU
		{2B7EF5F7-7CD9-4036-95D6-03FAAF191BDA}.Debug|Any CPU.Build.0 = Debug|Any CPU
		{2B7EF5F7-7CD9-4036-95D6-03FAAF191BDA}.Release|Any CPU.ActiveCfg = Release|Any CPU
		{2B7EF5F7-7CD9-4036-95D6-03FAAF191BDA}.Release|Any CPU.Build.0 = Release|Any CPU
		{544E279F-227E-4FF6-8483-A1E1D6475551}.Debug|Any CPU.ActiveCfg = Debug|Any CPU
		{544E279F-227E-4FF6-8483-A1E1D6475551}.Debug|Any CPU.Build.0 = Debug|Any CPU
		{544E279F-227E-4FF6-8483-A1E1D6475551}.Release|Any CPU.ActiveCfg = Release|Any CPU
		{544E279F-227E-4FF6-8483-A1E1D6475551}.Release|Any CPU.Build.0 = Release|Any CPU
		{462893B2-658E-4E9F-8510-07E40C1622BB}.Debug|Any CPU.ActiveCfg = Debug|Any CPU
		{462893B2-658E-4E9F-8510-07E40C1622BB}.Debug|Any CPU.Build.0 = Debug|Any CPU
		{462893B2-658E-4E9F-8510-07E40C1622BB}.Release|Any CPU.ActiveCfg = Release|Any CPU
		{462893B2-658E-4E9F-8510-07E40C1622BB}.Release|Any CPU.Build.0 = Release|Any CPU
	EndGlobalSection
	GlobalSection(SolutionProperties) = preSolution
		HideSolutionNode = FALSE
	EndGlobalSection
	GlobalSection(NestedProjects) = preSolution
		{237C9719-A43C-497D-94E7-21C4973C0C55} = {02EA681E-C7D8-13C7-8484-4AC65E1B71E8}
		{61B01FFD-61D4-49AE-848E-50C801EE92FB} = {C9BB2E4F-7A33-46E7-86E2-9C17DC794455}
		{286F1EC4-D4DB-4561-ADB3-39A9B98EA782} = {145B671D-29C0-4DE9-BC7F-E93B0588ACC6}
		{2B7EF5F7-7CD9-4036-95D6-03FAAF191BDA} = {7B787C5C-CD54-4842-BF66-970E9765B403}
		{544E279F-227E-4FF6-8483-A1E1D6475551} = {7B787C5C-CD54-4842-BF66-970E9765B403}
		{462893B2-658E-4E9F-8510-07E40C1622BB} = {5633AEF8-A4B2-4DAC-9F45-43A858F1B1B1}
	EndGlobalSection
	GlobalSection(ExtensibilityGlobals) = postSolution
		SolutionGuid = {4EDEB3C5-5BB6-4CB4-A3D1-AB4E625D692B}
	EndGlobalSection
EndGlobal
